#MicroXplorer Configuration settings - do not modify
File.Version=6
KeepUserPlacement=false
Mcu.Family=STM32F4
Mcu.IP0=NVIC
Mcu.IP1=RCC
Mcu.IP2=USART2
Mcu.IPNb=3
Mcu.Name=STM32F446RETx
Mcu.Package=LQFP64
Mcu.Pin0=PA2
Mcu.Pin1=PA3
Mcu.PinsNb=2
Mcu.ThirdPartyNb=0
Mcu.UserConstants=
Mcu.UserName=STM32F446RETx
MxCube.Version=6.11.0
MxDb.Version=DB.6.0.110
NVIC.HardFault_IRQn=true\:0\:0\:false\:false\:true\:false\:1\:true
NVIC.NonMaskableInt_IRQn=true\:0\:0\:false\:false\:true\:false\:1\:true
NVIC.PendSV_IRQn=true\:0\:0\:false\:false\:true\:false\:1\:true
NVIC.PriorityFilter=0
NVIC.SVC_IRQn=true\:0\:0\:false\:false\:true\:false\:1\:true
NVIC.SysTick_IRQn=true\:15\:0\:false\:false\:true\:false\:1\:true
NVIC.USART2_IRQn=true\:0\:0\:false\:false\:true\:false\:1\:true
PA2.GPIOParameters=GPIO_Speed
PA2.GPIO_Speed=GPIO_SPEED_FREQ_VERY_HIGH
PA2.Locked=true
PA2.Mode=Asynchronous
PA2.Signal=USART2_TX
PA3.GPIOParameters=GPIO_Speed
PA3.GPIO_Speed=GPIO_SPEED_FREQ_VERY_HIGH
PA3.Locked=true
PA3.Mode=Asynchronous
PA3.Signal=USART2_RX
PCC.Checker=true
PCC.Line=STM32F446
PCC.MCU=STM32F446RETx
PCC.PartNumber=STM32F446RETx
PCC.Series=STM32F4
PCC.Temperature=-40
PCC.Vdd=3.3
ProjectManager.AskForMigrate=true
ProjectManager.BackupPrevious=false
ProjectManager.Compiler=
ProjectManager.CoupleInjects=true
ProjectManager.CustomerFirmwarePackage=
ProjectManager.DeletePrevious=true
ProjectManager.DeviceId=STM32F446RETx
ProjectManager.FirmwarePackage=STM32Cube FW_F4 V1.28.1
ProjectManager.FreePins=false
ProjectManager.HalAssertFull=false
ProjectManager.KeepDefines=true
ProjectManager.KeepUserCode=true
ProjectManager.LastFirmware=true
ProjectManager.LibraryCopy=1
ProjectManager.MainLocation=Core/Src
ProjectManager.NoMain=false
ProjectManager.PreviousFirmwarePackage=
ProjectManager.ProjectBuild=false
ProjectManager.ProjectFileName=docking_firmware.ioc
ProjectManager.ProjectName=docking_firmware
ProjectManager.RegisterCallBack=
ProjectManager.StackSize=0x400
ProjectManager.TargetToolchain=STM32CubeIDE
ProjectManager.ToolChainLocation=
ProjectManager.UnderRoot=false
ProjectManager.functionLists=
RCC.APB1Freq_Value=45000000
RCC.APB2Freq_Value=90000000
RCC.AHBFreq_Value=180000000
RCC.FamilyName=M
RCC.HCLKFreq_Value=180000000
RCC.IPVersion=
RCC.SYSCLKFreq_VALUE=180000000
USART2.IPParameters=VirtualMode
USART2.VirtualMode=VM_ASYNC
